
Microsoft Visual Studio Solution File, Format Version 12.00
# Visual Studio 14
VisualStudioVersion = 14.0.25123.0
MinimumVisualStudioVersion = 10.0.40219.1
Project("{2150E333-8FDC-42A3-9474-1A3956D46DE8}") = "AutoDiscoverArduino", "AutoDiscoverArduino", "{CD943F16-B45E-436C-B8B1-967552D0B745}"
EndProject
Project("{FAE04EC0-301F-11D3-BF4B-00C04F79EFBC}") = "AutoDiscoverArduino.App", "AutoDiscoverArduino\AutoDiscoverArduino.App.csproj", "{C11DBB4E-8B17-40B5-9D64-C6E56875D150}"
EndProject
Project("{2150E333-8FDC-42A3-9474-1A3956D46DE8}") = "RaspberryPi", "RaspberryPi", "{9D057513-9BD0-4B20-BB64-228447CF34AD}"
EndProject
Project("{FAE04EC0-301F-11D3-BF4B-00C04F79EFBC}") = "ConnectToAzureIoTHub", "ConnectToAzureIoTHub\ConnectToAzureIoTHub.csproj", "{033845CC-3AD7-44EC-BA4E-B2CE6BA91449}"
EndProject
Project("{FAE04EC0-301F-11D3-BF4B-00C04F79EFBC}") = "AzureIoTDeviceService", "AzureIoTDeviceService\AzureIoTDeviceService.csproj", "{07840242-F67B-4D50-B037-A96F92723FA7}"
EndProject
Project("{2150E333-8FDC-42A3-9474-1A3956D46DE8}") = "ArduinoSensors", "ArduinoSensors", "{83CCE1A8-A5C7-4EF2-82D5-E6F4466243EE}"
EndProject
Project("{FAE04EC0-301F-11D3-BF4B-00C04F79EFBC}") = "Arduino.Sensors", "Arduino.Sensors\Arduino.Sensors.csproj", "{858FE258-A63B-4901-B36F-C20642A62B9B}"
EndProject
Project("{FAE04EC0-301F-11D3-BF4B-00C04F79EFBC}") = "Arduino.Sensors.Tests", "Arduino.Sensors.Tests\Arduino.Sensors.Tests.csproj", "{FDA1C342-B958-4B60-AEC3-4E3F8442AF50}"
EndProject
Project("{FAE04EC0-301F-11D3-BF4B-00C04F79EFBC}") = "Arduino.Connect", "Arduino.Connect\Arduino.Connect.csproj", "{51927799-2284-4BE6-BBA0-9BCA9E8B9A38}"
EndProject
Project("{2150E333-8FDC-42A3-9474-1A3956D46DE8}") = "Connect", "Connect", "{E85FE672-BD01-4ABF-AAC3-0238DD8D9B1C}"
EndProject
Global
	GlobalSection(SolutionConfigurationPlatforms) = preSolution
		Debug|Any CPU = Debug|Any CPU
		Debug|ARM = Debug|ARM
		Debug|x64 = Debug|x64
		Debug|x86 = Debug|x86
		Release|Any CPU = Release|Any CPU
		Release|ARM = Release|ARM
		Release|x64 = Release|x64
		Release|x86 = Release|x86
	EndGlobalSection
	GlobalSection(ProjectConfigurationPlatforms) = postSolution
		{C11DBB4E-8B17-40B5-9D64-C6E56875D150}.Debug|Any CPU.ActiveCfg = Debug|x86
		{C11DBB4E-8B17-40B5-9D64-C6E56875D150}.Debug|ARM.ActiveCfg = Debug|ARM
		{C11DBB4E-8B17-40B5-9D64-C6E56875D150}.Debug|ARM.Build.0 = Debug|ARM
		{C11DBB4E-8B17-40B5-9D64-C6E56875D150}.Debug|ARM.Deploy.0 = Debug|ARM
		{C11DBB4E-8B17-40B5-9D64-C6E56875D150}.Debug|x64.ActiveCfg = Debug|x64
		{C11DBB4E-8B17-40B5-9D64-C6E56875D150}.Debug|x64.Build.0 = Debug|x64
		{C11DBB4E-8B17-40B5-9D64-C6E56875D150}.Debug|x64.Deploy.0 = Debug|x64
		{C11DBB4E-8B17-40B5-9D64-C6E56875D150}.Debug|x86.ActiveCfg = Debug|x86
		{C11DBB4E-8B17-40B5-9D64-C6E56875D150}.Debug|x86.Build.0 = Debug|x86
		{C11DBB4E-8B17-40B5-9D64-C6E56875D150}.Debug|x86.Deploy.0 = Debug|x86
		{C11DBB4E-8B17-40B5-9D64-C6E56875D150}.Release|Any CPU.ActiveCfg = Release|x86
		{C11DBB4E-8B17-40B5-9D64-C6E56875D150}.Release|ARM.ActiveCfg = Release|ARM
		{C11DBB4E-8B17-40B5-9D64-C6E56875D150}.Release|ARM.Build.0 = Release|ARM
		{C11DBB4E-8B17-40B5-9D64-C6E56875D150}.Release|ARM.Deploy.0 = Release|ARM
		{C11DBB4E-8B17-40B5-9D64-C6E56875D150}.Release|x64.ActiveCfg = Release|x64
		{C11DBB4E-8B17-40B5-9D64-C6E56875D150}.Release|x64.Build.0 = Release|x64
		{C11DBB4E-8B17-40B5-9D64-C6E56875D150}.Release|x64.Deploy.0 = Release|x64
		{C11DBB4E-8B17-40B5-9D64-C6E56875D150}.Release|x86.ActiveCfg = Release|x86
		{C11DBB4E-8B17-40B5-9D64-C6E56875D150}.Release|x86.Build.0 = Release|x86
		{C11DBB4E-8B17-40B5-9D64-C6E56875D150}.Release|x86.Deploy.0 = Release|x86
		{033845CC-3AD7-44EC-BA4E-B2CE6BA91449}.Debug|Any CPU.ActiveCfg = Debug|x86
		{033845CC-3AD7-44EC-BA4E-B2CE6BA91449}.Debug|ARM.ActiveCfg = Debug|ARM
		{033845CC-3AD7-44EC-BA4E-B2CE6BA91449}.Debug|ARM.Build.0 = Debug|ARM
		{033845CC-3AD7-44EC-BA4E-B2CE6BA91449}.Debug|ARM.Deploy.0 = Debug|ARM
		{033845CC-3AD7-44EC-BA4E-B2CE6BA91449}.Debug|x64.ActiveCfg = Debug|x64
		{033845CC-3AD7-44EC-BA4E-B2CE6BA91449}.Debug|x64.Build.0 = Debug|x64
		{033845CC-3AD7-44EC-BA4E-B2CE6BA91449}.Debug|x64.Deploy.0 = Debug|x64
		{033845CC-3AD7-44EC-BA4E-B2CE6BA91449}.Debug|x86.ActiveCfg = Debug|x86
		{033845CC-3AD7-44EC-BA4E-B2CE6BA91449}.Debug|x86.Build.0 = Debug|x86
		{033845CC-3AD7-44EC-BA4E-B2CE6BA91449}.Debug|x86.Deploy.0 = Debug|x86
		{033845CC-3AD7-44EC-BA4E-B2CE6BA91449}.Release|Any CPU.ActiveCfg = Release|x86
		{033845CC-3AD7-44EC-BA4E-B2CE6BA91449}.Release|ARM.ActiveCfg = Release|ARM
		{033845CC-3AD7-44EC-BA4E-B2CE6BA91449}.Release|ARM.Build.0 = Release|ARM
		{033845CC-3AD7-44EC-BA4E-B2CE6BA91449}.Release|ARM.Deploy.0 = Release|ARM
		{033845CC-3AD7-44EC-BA4E-B2CE6BA91449}.Release|x64.ActiveCfg = Release|x64
		{033845CC-3AD7-44EC-BA4E-B2CE6BA91449}.Release|x64.Build.0 = Release|x64
		{033845CC-3AD7-44EC-BA4E-B2CE6BA91449}.Release|x64.Deploy.0 = Release|x64
		{033845CC-3AD7-44EC-BA4E-B2CE6BA91449}.Release|x86.ActiveCfg = Release|x86
		{033845CC-3AD7-44EC-BA4E-B2CE6BA91449}.Release|x86.Build.0 = Release|x86
		{033845CC-3AD7-44EC-BA4E-B2CE6BA91449}.Release|x86.Deploy.0 = Release|x86
		{07840242-F67B-4D50-B037-A96F92723FA7}.Debug|Any CPU.ActiveCfg = Debug|Any CPU
		{07840242-F67B-4D50-B037-A96F92723FA7}.Debug|Any CPU.Build.0 = Debug|Any CPU
		{07840242-F67B-4D50-B037-A96F92723FA7}.Debug|ARM.ActiveCfg = Debug|Any CPU
		{07840242-F67B-4D50-B037-A96F92723FA7}.Debug|ARM.Build.0 = Debug|Any CPU
		{07840242-F67B-4D50-B037-A96F92723FA7}.Debug|x64.ActiveCfg = Debug|Any CPU
		{07840242-F67B-4D50-B037-A96F92723FA7}.Debug|x64.Build.0 = Debug|Any CPU
		{07840242-F67B-4D50-B037-A96F92723FA7}.Debug|x86.ActiveCfg = Debug|Any CPU
		{07840242-F67B-4D50-B037-A96F92723FA7}.Debug|x86.Build.0 = Debug|Any CPU
		{07840242-F67B-4D50-B037-A96F92723FA7}.Release|Any CPU.ActiveCfg = Release|Any CPU
		{07840242-F67B-4D50-B037-A96F92723FA7}.Release|Any CPU.Build.0 = Release|Any CPU
		{07840242-F67B-4D50-B037-A96F92723FA7}.Release|ARM.ActiveCfg = Release|Any CPU
		{07840242-F67B-4D50-B037-A96F92723FA7}.Release|ARM.Build.0 = Release|Any CPU
		{07840242-F67B-4D50-B037-A96F92723FA7}.Release|x64.ActiveCfg = Release|Any CPU
		{07840242-F67B-4D50-B037-A96F92723FA7}.Release|x64.Build.0 = Release|Any CPU
		{07840242-F67B-4D50-B037-A96F92723FA7}.Release|x86.ActiveCfg = Release|Any CPU
		{07840242-F67B-4D50-B037-A96F92723FA7}.Release|x86.Build.0 = Release|Any CPU
		{858FE258-A63B-4901-B36F-C20642A62B9B}.Debug|Any CPU.ActiveCfg = Debug|Any CPU
		{858FE258-A63B-4901-B36F-C20642A62B9B}.Debug|Any CPU.Build.0 = Debug|Any CPU
		{858FE258-A63B-4901-B36F-C20642A62B9B}.Debug|ARM.ActiveCfg = Debug|ARM
		{858FE258-A63B-4901-B36F-C20642A62B9B}.Debug|ARM.Build.0 = Debug|ARM
		{858FE258-A63B-4901-B36F-C20642A62B9B}.Debug|x64.ActiveCfg = Debug|x64
		{858FE258-A63B-4901-B36F-C20642A62B9B}.Debug|x64.Build.0 = Debug|x64
		{858FE258-A63B-4901-B36F-C20642A62B9B}.Debug|x86.ActiveCfg = Debug|x86
		{858FE258-A63B-4901-B36F-C20642A62B9B}.Debug|x86.Build.0 = Debug|x86
		{858FE258-A63B-4901-B36F-C20642A62B9B}.Release|Any CPU.ActiveCfg = Release|Any CPU
		{858FE258-A63B-4901-B36F-C20642A62B9B}.Release|Any CPU.Build.0 = Release|Any CPU
		{858FE258-A63B-4901-B36F-C20642A62B9B}.Release|ARM.ActiveCfg = Release|ARM
		{858FE258-A63B-4901-B36F-C20642A62B9B}.Release|ARM.Build.0 = Release|ARM
		{858FE258-A63B-4901-B36F-C20642A62B9B}.Release|x64.ActiveCfg = Release|x64
		{858FE258-A63B-4901-B36F-C20642A62B9B}.Release|x64.Build.0 = Release|x64
		{858FE258-A63B-4901-B36F-C20642A62B9B}.Release|x86.ActiveCfg = Release|x86
		{858FE258-A63B-4901-B36F-C20642A62B9B}.Release|x86.Build.0 = Release|x86
		{FDA1C342-B958-4B60-AEC3-4E3F8442AF50}.Debug|Any CPU.ActiveCfg = Debug|x86
		{FDA1C342-B958-4B60-AEC3-4E3F8442AF50}.Debug|ARM.ActiveCfg = Debug|ARM
		{FDA1C342-B958-4B60-AEC3-4E3F8442AF50}.Debug|ARM.Build.0 = Debug|ARM
		{FDA1C342-B958-4B60-AEC3-4E3F8442AF50}.Debug|ARM.Deploy.0 = Debug|ARM
		{FDA1C342-B958-4B60-AEC3-4E3F8442AF50}.Debug|x64.ActiveCfg = Debug|x64
		{FDA1C342-B958-4B60-AEC3-4E3F8442AF50}.Debug|x64.Build.0 = Debug|x64
		{FDA1C342-B958-4B60-AEC3-4E3F8442AF50}.Debug|x64.Deploy.0 = Debug|x64
		{FDA1C342-B958-4B60-AEC3-4E3F8442AF50}.Debug|x86.ActiveCfg = Debug|x86
		{FDA1C342-B958-4B60-AEC3-4E3F8442AF50}.Debug|x86.Build.0 = Debug|x86
		{FDA1C342-B958-4B60-AEC3-4E3F8442AF50}.Debug|x86.Deploy.0 = Debug|x86
		{FDA1C342-B958-4B60-AEC3-4E3F8442AF50}.Release|Any CPU.ActiveCfg = Release|x86
		{FDA1C342-B958-4B60-AEC3-4E3F8442AF50}.Release|ARM.ActiveCfg = Release|ARM
		{FDA1C342-B958-4B60-AEC3-4E3F8442AF50}.Release|ARM.Build.0 = Release|ARM
		{FDA1C342-B958-4B60-AEC3-4E3F8442AF50}.Release|ARM.Deploy.0 = Release|ARM
		{FDA1C342-B958-4B60-AEC3-4E3F8442AF50}.Release|x64.ActiveCfg = Release|x64
		{FDA1C342-B958-4B60-AEC3-4E3F8442AF50}.Release|x64.Build.0 = Release|x64
		{FDA1C342-B958-4B60-AEC3-4E3F8442AF50}.Release|x64.Deploy.0 = Release|x64
		{FDA1C342-B958-4B60-AEC3-4E3F8442AF50}.Release|x86.ActiveCfg = Release|x86
		{FDA1C342-B958-4B60-AEC3-4E3F8442AF50}.Release|x86.Build.0 = Release|x86
		{FDA1C342-B958-4B60-AEC3-4E3F8442AF50}.Release|x86.Deploy.0 = Release|x86
		{51927799-2284-4BE6-BBA0-9BCA9E8B9A38}.Debug|Any CPU.ActiveCfg = Debug|Any CPU
		{51927799-2284-4BE6-BBA0-9BCA9E8B9A38}.Debug|Any CPU.Build.0 = Debug|Any CPU
		{51927799-2284-4BE6-BBA0-9BCA9E8B9A38}.Debug|ARM.ActiveCfg = Debug|ARM
		{51927799-2284-4BE6-BBA0-9BCA9E8B9A38}.Debug|ARM.Build.0 = Debug|ARM
		{51927799-2284-4BE6-BBA0-9BCA9E8B9A38}.Debug|x64.ActiveCfg = Debug|x64
		{51927799-2284-4BE6-BBA0-9BCA9E8B9A38}.Debug|x64.Build.0 = Debug|x64
		{51927799-2284-4BE6-BBA0-9BCA9E8B9A38}.Debug|x86.ActiveCfg = Debug|x86
		{51927799-2284-4BE6-BBA0-9BCA9E8B9A38}.Debug|x86.Build.0 = Debug|x86
		{51927799-2284-4BE6-BBA0-9BCA9E8B9A38}.Release|Any CPU.ActiveCfg = Release|Any CPU
		{51927799-2284-4BE6-BBA0-9BCA9E8B9A38}.Release|Any CPU.Build.0 = Release|Any CPU
		{51927799-2284-4BE6-BBA0-9BCA9E8B9A38}.Release|ARM.ActiveCfg = Release|ARM
		{51927799-2284-4BE6-BBA0-9BCA9E8B9A38}.Release|ARM.Build.0 = Release|ARM
		{51927799-2284-4BE6-BBA0-9BCA9E8B9A38}.Release|x64.ActiveCfg = Release|x64
		{51927799-2284-4BE6-BBA0-9BCA9E8B9A38}.Release|x64.Build.0 = Release|x64
		{51927799-2284-4BE6-BBA0-9BCA9E8B9A38}.Release|x86.ActiveCfg = Release|x86
		{51927799-2284-4BE6-BBA0-9BCA9E8B9A38}.Release|x86.Build.0 = Release|x86
	EndGlobalSection
	GlobalSection(SolutionProperties) = preSolution
		HideSolutionNode = FALSE
	EndGlobalSection
	GlobalSection(NestedProjects) = preSolution
		{C11DBB4E-8B17-40B5-9D64-C6E56875D150} = {CD943F16-B45E-436C-B8B1-967552D0B745}
		{033845CC-3AD7-44EC-BA4E-B2CE6BA91449} = {9D057513-9BD0-4B20-BB64-228447CF34AD}
		{07840242-F67B-4D50-B037-A96F92723FA7} = {9D057513-9BD0-4B20-BB64-228447CF34AD}
		{858FE258-A63B-4901-B36F-C20642A62B9B} = {83CCE1A8-A5C7-4EF2-82D5-E6F4466243EE}
		{FDA1C342-B958-4B60-AEC3-4E3F8442AF50} = {83CCE1A8-A5C7-4EF2-82D5-E6F4466243EE}
		{51927799-2284-4BE6-BBA0-9BCA9E8B9A38} = {E85FE672-BD01-4ABF-AAC3-0238DD8D9B1C}
	EndGlobalSection
EndGlobal
